// !$*UTF8*$!
{
	archiveVersion = 1;
	classes = {
	};
	objectVersion = 46;
	objects = {

/* Begin PBXBuildFile section */
		2FFDC0701D301A6C0071B612 /* AppDelegate.swift in Sources */ = {isa = PBXBuildFile; fileRef = 2FFDC06F1D301A6C0071B612 /* AppDelegate.swift */; };
		2FFDC0721D301A6C0071B612 /* ViewController.swift in Sources */ = {isa = PBXBuildFile; fileRef = 2FFDC0711D301A6C0071B612 /* ViewController.swift */; };
		2FFDC0751D301A6C0071B612 /* Main.storyboard in Resources */ = {isa = PBXBuildFile; fileRef = 2FFDC0731D301A6C0071B612 /* Main.storyboard */; };
		2FFDC0771D301A6C0071B612 /* Assets.xcassets in Resources */ = {isa = PBXBuildFile; fileRef = 2FFDC0761D301A6C0071B612 /* Assets.xcassets */; };
		2FFDC07A1D301A6C0071B612 /* LaunchScreen.storyboard in Resources */ = {isa = PBXBuildFile; fileRef = 2FFDC0781D301A6C0071B612 /* LaunchScreen.storyboard */; };
/* End PBXBuildFile section */

/* Begin PBXContainerItemProxy section */
		2FFDC0851D301B820071B612 /* PBXContainerItemProxy */ = {
			isa = PBXContainerItemProxy;
			containerPortal = 2FFDC0811D301B820071B612 /* banana.xcodeproj */;
			proxyType = 2;
			remoteGlobalIDString = 5E84CC7F1BF097F100A41046;
			remoteInfo = banana;
		};
		2FFDC0871D301B9C0071B612 /* PBXContainerItemProxy */ = {
			isa = PBXContainerItemProxy;
			containerPortal = 2FFDC0811D301B820071B612 /* banana.xcodeproj */;
			proxyType = 1;
			remoteGlobalIDString = 5E84CC7E1BF097F100A41046;
			remoteInfo = banana;
		};
/* End PBXContainerItemProxy section */

/* Begin PBXFileReference section */
		2FFDC06C1D301A6C0071B612 /* BananaSample.app */ = {isa = PBXFileReference; explicitFileType = wrapper.application; includeInIndex = 0; path = BananaSample.app; sourceTree = BUILT_PRODUCTS_DIR; };
		2FFDC06F1D301A6C0071B612 /* AppDelegate.swift */ = {isa = PBXFileReference; lastKnownFileType = sourcecode.swift; path = AppDelegate.swift; sourceTree = "<group>"; };
		2FFDC0711D301A6C0071B612 /* ViewController.swift */ = {isa = PBXFileReference; lastKnownFileType = sourcecode.swift; path = ViewController.swift; sourceTree = "<group>"; };
		2FFDC0741D301A6C0071B612 /* Base */ = {isa = PBXFileReference; lastKnownFileType = file.storyboard; name = Base; path = Base.lproj/Main.storyboard; sourceTree = "<group>"; };
		2FFDC0761D301A6C0071B612 /* Assets.xcassets */ = {isa = PBXFileReference; lastKnownFileType = folder.assetcatalog; path = Assets.xcassets; sourceTree = "<group>"; };
		2FFDC0791D301A6C0071B612 /* Base */ = {isa = PBXFileReference; lastKnownFileType = file.storyboard; name = Base; path = Base.lproj/LaunchScreen.storyboard; sourceTree = "<group>"; };
		2FFDC07B1D301A6C0071B612 /* Info.plist */ = {isa = PBXFileReference; lastKnownFileType = text.plist.xml; path = Info.plist; sourceTree = "<group>"; };
		2FFDC0811D301B820071B612 /* banana.xcodeproj */ = {isa = PBXFileReference; lastKnownFileType = "wrapper.pb-project"; name = banana.xcodeproj; path = banana/banana.xcodeproj; sourceTree = "<group>"; };
/* End PBXFileReference section */

/* Begin PBXFrameworksBuildPhase section */
		2FFDC0691D301A6C0071B612 /* Frameworks */ = {
			isa = PBXFrameworksBuildPhase;
			buildActionMask = 2147483647;
			files = (
			);
			runOnlyForDeploymentPostprocessing = 0;
		};
/* End PBXFrameworksBuildPhase section */

/* Begin PBXGroup section */
		2FFDC0631D301A6C0071B612 = {
			isa = PBXGroup;
			children = (
				2FFDC0811D301B820071B612 /* banana.xcodeproj */,
				2FFDC06E1D301A6C0071B612 /* BananaSample */,
				2FFDC06D1D301A6C0071B612 /* Products */,
			);
			sourceTree = "<group>";
		};
		2FFDC06D1D301A6C0071B612 /* Products */ = {
			isa = PBXGroup;
			children = (
				2FFDC06C1D301A6C0071B612 /* BananaSample.app */,
			);
			name = Products;
			sourceTree = "<group>";
		};
		2FFDC06E1D301A6C0071B612 /* BananaSample */ = {
			isa = PBXGroup;
			children = (
				2FFDC06F1D301A6C0071B612 /* AppDelegate.swift */,
				2FFDC0711D301A6C0071B612 /* ViewController.swift */,
				2FFDC0731D301A6C0071B612 /* Main.storyboard */,
				2FFDC0761D301A6C0071B612 /* Assets.xcassets */,
				2FFDC0781D301A6C0071B612 /* LaunchScreen.storyboard */,
				2FFDC07B1D301A6C0071B612 /* Info.plist */,
			);
			path = BananaSample;
			sourceTree = "<group>";
		};
		2FFDC0821D301B820071B612 /* Products */ = {
			isa = PBXGroup;
			children = (
				2FFDC0861D301B820071B612 /* banana.framework */,
			);
			name = Products;
			sourceTree = "<group>";
		};
/* End PBXGroup section */

/* Begin PBXNativeTarget section */
		2FFDC06B1D301A6C0071B612 /* BananaSample */ = {
			isa = PBXNativeTarget;
			buildConfigurationList = 2FFDC07E1D301A6C0071B612 /* Build configuration list for PBXNativeTarget "BananaSample" */;
			buildPhases = (
				2FFDC0681D301A6C0071B612 /* Sources */,
				2FFDC0691D301A6C0071B612 /* Frameworks */,
				2FFDC06A1D301A6C0071B612 /* Resources */,
			);
			buildRules = (
			);
			dependencies = (
				2FFDC0881D301B9C0071B612 /* PBXTargetDependency */,
			);
			name = BananaSample;
			productName = BananaSample;
			productReference = 2FFDC06C1D301A6C0071B612 /* BananaSample.app */;
			productType = "com.apple.product-type.application";
		};
/* End PBXNativeTarget section */

/* Begin PBXProject section */
		2FFDC0641D301A6C0071B612 /* Project object */ = {
			isa = PBXProject;
			attributes = {
				LastSwiftUpdateCheck = 0730;
				LastUpgradeCheck = 0730;
				ORGANIZATIONNAME = gauravkatoch;
				TargetAttributes = {
					2FFDC06B1D301A6C0071B612 = {
						CreatedOnToolsVersion = 7.3.1;
					};
				};
			};
			buildConfigurationList = 2FFDC0671D301A6C0071B612 /* Build configuration list for PBXProject "BananaSample" */;
			compatibilityVersion = "Xcode 3.2";
			developmentRegion = English;
			hasScannedForEncodings = 0;
			knownRegions = (
				en,
				Base,
			);
			mainGroup = 2FFDC0631D301A6C0071B612;
			productRefGroup = 2FFDC06D1D301A6C0071B612 /* Products */;
			projectDirPath = "";
			projectReferences = (
				{
					ProductGroup = 2FFDC0821D301B820071B612 /* Products */;
					ProjectRef = 2FFDC0811D301B820071B612 /* banana.xcodeproj */;
				},
			);
			projectRoot = "";
			targets = (
				2FFDC06B1D301A6C0071B612 /* BananaSample */,
			);
		};
/* End PBXProject section */

/* Begin PBXReferenceProxy section */
		2FFDC0861D301B820071B612 /* banana.framework */ = {
			isa = PBXReferenceProxy;
			fileType = wrapper.framework;
			path = banana.framework;
			remoteRef = 2FFDC0851D301B820071B612 /* PBXContainerItemProxy */;
			sourceTree = BUILT_PRODUCTS_DIR;
		};
/* End PBXReferenceProxy section */

/* Begin PBXResourcesBuildPhase section */
		2FFDC06A1D301A6C0071B612 /* Resources */ = {
			isa = PBXResourcesBuildPhase;
			buildActionMask = 2147483647;
			files = (
				2FFDC07A1D301A6C0071B612 /* LaunchScreen.storyboard in Resources */,
				2FFDC0771D301A6C0071B612 /* Assets.xcassets in Resources */,
				2FFDC0751D301A6C0071B612 /* Main.storyboard in Resources */,
			);
			runOnlyForDeploymentPostprocessing = 0;
		};
/* End PBXResourcesBuildPhase section */

/* Begin PBXSourcesBuildPhase section */
		2FFDC0681D301A6C0071B612 /* Sources */ = {
			isa = PBXSourcesBuildPhase;
			buildActionMask = 2147483647;
			files = (
				2FFDC0721D301A6C0071B612 /* ViewController.swift in Sources */,
				2FFDC0701D301A6C0071B612 /* AppDelegate.swift in Sources */,
			);
			runOnlyForDeploymentPostprocessing = 0;
		};
/* End PBXSourcesBuildPhase section */

/* Begin PBXTargetDependency section */
		2FFDC0881D301B9C0071B612 /* PBXTargetDependency */ = {
			isa = PBXTargetDependency;
			name = banana;
			targetProxy = 2FFDC0871D301B9C0071B612 /* PBXContainerItemProxy */;
		};
/* End PBXTargetDependency section */

/* Begin PBXVariantGroup section */
		2FFDC0731D301A6C0071B612 /* Main.storyboard */ = {
			isa = PBXVariantGroup;
			children = (
				2FFDC0741D301A6C0071B612 /* Base */,
			);
			name = Main.storyboard;
			sourceTree = "<group>";
		};
		2FFDC0781D301A6C0071B612 /* LaunchScreen.storyboard */ = {
			isa = PBXVariantGroup;
			children = (
				2FFDC0791D301A6C0071B612 /* Base */,
			);
			name = LaunchScreen.storyboard;
			sourceTree = "<group>";
		};
/* End PBXVariantGroup section */

/* Begin XCBuildConfiguration section */
		2FFDC07C1D301A6C0071B612 /* Debug */ = {
			isa = XCBuildConfiguration;
			buildSettings = {
				ALWAYS_SEARCH_USER_PATHS = NO;
				CLANG_ANALYZER_NONNULL = YES;
				CLANG_CXX_LANGUAGE_STANDARD = "gnu++0x";
				CLANG_CXX_LIBRARY = "libc++";
				CLANG_ENABLE_MODULES = YES;
				CLANG_ENABLE_OBJC_ARC = YES;
				CLANG_WARN_BOOL_CONVERSION = YES;
				CLANG_WARN_CONSTANT_CONVERSION = YES;
				CLANG_WARN_DIRECT_OBJC_ISA_USAGE = YES_ERROR;
				CLANG_WARN_EMPTY_BODY = YES;
				CLANG_WARN_ENUM_CONVERSION = YES;
				CLANG_WARN_INT_CONVERSION = YES;
				CLANG_WARN_OBJC_ROOT_CLASS = YES_ERROR;
				CLANG_WARN_UNREACHABLE_CODE = YES;
				CLANG_WARN__DUPLICATE_METHOD_MATCH = YES;
				"CODE_SIGN_IDENTITY[sdk=iphoneos*]" = "iPhone Developer";
				COPY_PHASE_STRIP = NO;
				DEBUG_INFORMATION_FORMAT = dwarf;
				ENABLE_STRICT_OBJC_MSGSEND = YES;
				ENABLE_TESTABILITY = YES;
				GCC_C_LANGUAGE_STANDARD = gnu99;
				GCC_DYNAMIC_NO_PIC = NO;
				GCC_NO_COMMON_BLOCKS = YES;
				GCC_OPTIMIZATION_LEVEL = 0;
				GCC_PREPROCESSOR_DEFINITIONS = (
					"DEBUG=1",
					"$(inherited)",
				);
				GCC_WARN_64_TO_32_BIT_CONVERSION = YES;
				GCC_WARN_ABOUT_RETURN_TYPE = YES_ERROR;
				GCC_WARN_UNDECLARED_SELECTOR = YES;
				GCC_WARN_UNINITIALIZED_AUTOS = YES_AGGRESSIVE;
				GCC_WARN_UNUSED_FUNCTION = YES;
				GCC_WARN_UNUSED_VARIABLE = YES;
				IPHONEOS_DEPLOYMENT_TARGET = 9.3;
				MTL_ENABLE_DEBUG_INFO = YES;
				ONLY_ACTIVE_ARCH = YES;
				SDKROOT = iphoneos;
				SWIFT_OPTIMIZATION_LEVEL = "-Onone";
				TARGETED_DEVICE_FAMILY = "1,2";
			};
			name = Debug;
		};
		2FFDC07D1D301A6C0071B612 /* Release */ = {
			isa = XCBuildConfiguration;
			buildSettings = {
				ALWAYS_SEARCH_USER_PATHS = NO;
				CLANG_ANALYZER_NONNULL = YES;
				CLANG_CXX_LANGUAGE_STANDARD = "gnu++0x";
				CLANG_CXX_LIBRARY = "libc++";
				CLANG_ENABLE_MODULES = YES;
				CLANG_ENABLE_OBJC_ARC = YES;
				CLANG_WARN_BOOL_CONVERSION = YES;
				CLANG_WARN_CONSTANT_CONVERSION = YES;
				CLANG_WARN_DIRECT_OBJC_ISA_USAGE = YES_ERROR;
				CLANG_WARN_EMPTY_BODY = YES;
				CLANG_WARN_ENUM_CONVERSION = YES;
				CLANG_WARN_INT_CONVERSION = YES;
				CLANG_WARN_OBJC_ROOT_CLASS = YES_ERROR;
				CLANG_WARN_UNREACHABLE_CODE = YES;
				CLANG_WARN__DUPLICATE_METHOD_MATCH = YES;
				"CODE_SIGN_IDENTITY[sdk=iphoneos*]" = "iPhone Developer";
				COPY_PHASE_STRIP = NO;
				DEBUG_INFORMATION_FORMAT = "dwarf-with-dsym";
				ENABLE_NS_ASSERTIONS = NO;
				ENABLE_STRICT_OBJC_MSGSEND = YES;
				GCC_C_LANGUAGE_STANDARD = gnu99;
				GCC_NO_COMMON_BLOCKS = YES;
				GCC_WARN_64_TO_32_BIT_CONVERSION = YES;
				GCC_WARN_ABOUT_RETURN_TYPE = YES_ERROR;
				GCC_WARN_UNDECLARED_SELECTOR = YES;
				GCC_WARN_UNINITIALIZED_AUTOS = YES_AGGRESSIVE;
				GCC_WARN_UNUSED_FUNCTION = YES;
				GCC_WARN_UNUSED_VARIABLE = YES;
				IPHONEOS_DEPLOYMENT_TARGET = 9.3;
				MTL_ENABLE_DEBUG_INFO = NO;
				SDKROOT = iphoneos;
				TARGETED_DEVICE_FAMILY = "1,2";
				VALIDATE_PRODUCT = YES;
			};
			name = Release;
		};
		2FFDC07F1D301A6C0071B612 /* Debug */ = {
			isa = XCBuildConfiguration;
			buildSettings = {
				ASSETCATALOG_COMPILER_APPICON_NAME = AppIcon;
				INFOPLIST_FILE = BananaSample/Info.plist;
				LD_RUNPATH_SEARCH_PATHS = "$(inherited) @executable_path/Frameworks";
				PRODUCT_BUNDLE_IDENTIFIER = com.katoch.gaurav.BananaSample;
				PRODUCT_NAME = "$(TARGET_NAME)";
			};
			name = Debug;
		};
		2FFDC0801D301A6C0071B612 /* Release */ = {
			isa = XCBuildConfiguration;
			buildSettings = {
				ASSETCATALOG_COMPILER_APPICON_NAME = AppIcon;
				INFOPLIST_FILE = BananaSample/Info.plist;
				LD_RUNPATH_SEARCH_PATHS = "$(inherited) @executable_path/Frameworks";
				PRODUCT_BUNDLE_IDENTIFIER = com.katoch.gaurav.BananaSample;
				PRODUCT_NAME = "$(TARGET_NAME)";
			};
			name = Release;
		};
/* End XCBuildConfiguration section */

/* Begin XCConfigurationList section */
		2FFDC0671D301A6C0071B612 /* Build configuration list for PBXProject "BananaSample" */ = {
			isa = XCConfigurationList;
			buildConfigurations = (
				2FFDC07C1D301A6C0071B612 /* Debug */,
				2FFDC07D1D301A6C0071B612 /* Release */,
			);
			defaultConfigurationIsVisible = 0;
			defaultConfigurationName = Release;
		};
		2FFDC07E1D301A6C0071B612 /* Build configuration list for PBXNativeTarget "BananaSample" */ = {
			isa = XCConfigurationList;
			buildConfigurations = (
				2FFDC07F1D301A6C0071B612 /* Debug */,
				2FFDC0801D301A6C0071B612 /* Release */,
			);
			defaultConfigurationIsVisible = 0;
			defaultConfigurationName = Release;
		};
/* End XCConfigurationList section */
	};
	rootObject = 2FFDC0641D301A6C0071B612 /* Project object */;
}
